
Microsoft Visual Studio Solution File, Format Version 12.00
# Visual Studio Version 17
VisualStudioVersion = 17.9.34714.143
MinimumVisualStudioVersion = 10.0.40219.1
Project("{9A19103F-16F7-4668-BE54-9A1E7A4F7556}") = "DressUp.Web", "DressUpWeb\DressUp.Web.csproj", "{E1FE8FC9-ECEE-4E25-BACB-169D3BCD19BD}"
EndProject
Project("{9A19103F-16F7-4668-BE54-9A1E7A4F7556}") = "DressUp.Common", "DressUp.Common\DressUp.Common.csproj", "{053C251F-F213-42AC-8182-A898B2A5E260}"
EndProject
Project("{2150E333-8FDC-42A3-9474-1A3956D46DE8}") = "Web", "Web", "{38F2F9F3-02B5-4971-826E-E5DA36F0121C}"
EndProject
Project("{2150E333-8FDC-42A3-9474-1A3956D46DE8}") = "Data", "Data", "{89808991-A5F0-469C-A3A3-F10912D4BBE0}"
EndProject
Project("{9A19103F-16F7-4668-BE54-9A1E7A4F7556}") = "DressUp.Data", "DressUp.Data\DressUp.Data.csproj", "{D2B60E0C-4671-492B-BE33-6711D7362766}"
EndProject
Project("{9A19103F-16F7-4668-BE54-9A1E7A4F7556}") = "DressUp.Data.Models", "DressUp.Data.Models\DressUp.Data.Models.csproj", "{46DF34F1-6D30-408F-8B75-D7C367A0DFEC}"
EndProject
Project("{9A19103F-16F7-4668-BE54-9A1E7A4F7556}") = "DressUp.Web.ViewModels", "DressUp.Web.ViewModels\DressUp.Web.ViewModels.csproj", "{6EC5C82B-43CB-4B47-8FC7-3B54A4E06987}"
EndProject
Project("{9A19103F-16F7-4668-BE54-9A1E7A4F7556}") = "DressUp.Data.Processor", "DressUp.Data.Processor\DressUp.Data.Processor.csproj", "{1287C657-5F5A-4948-89AF-AF88EF9A7D00}"
EndProject
Project("{2150E333-8FDC-42A3-9474-1A3956D46DE8}") = "Services", "Services", "{74304E8F-A8C0-4A5D-91BC-D7036533986E}"
EndProject
Project("{9A19103F-16F7-4668-BE54-9A1E7A4F7556}") = "DressUp.Services.Data", "DressUp.Services.Data\DressUp.Services.Data.csproj", "{48A083FF-CA3F-4F7F-AA66-57718F3005C8}"
EndProject
Project("{9A19103F-16F7-4668-BE54-9A1E7A4F7556}") = "DressUp.Web.Infrastructure", "DressUp.Web.Infrastructure\DressUp.Web.Infrastructure.csproj", "{88B434C6-FB47-40F5-84A3-43DA61885E59}"
EndProject
Project("{9A19103F-16F7-4668-BE54-9A1E7A4F7556}") = "DressUp.Services.Data.Models", "DressUp.Services.Data.Models\DressUp.Services.Data.Models.csproj", "{9E076D12-8C9B-4508-80BE-B30DD0CB8CBA}"
EndProject
Project("{2150E333-8FDC-42A3-9474-1A3956D46DE8}") = "Tests", "Tests", "{98CA6F03-9C2F-4E64-B9AA-F5BBC9094A85}"
EndProject
Project("{FAE04EC0-301F-11D3-BF4B-00C04F79EFBC}") = "DressUp.Services.Test", "DressUp.Services.Test\DressUp.Services.Test.csproj", "{640C9E4D-BCA6-4A9A-BF56-5E4BB1D03D8F}"
EndProject
Global
	GlobalSection(SolutionConfigurationPlatforms) = preSolution
		Debug|Any CPU = Debug|Any CPU
		Release|Any CPU = Release|Any CPU
	EndGlobalSection
	GlobalSection(ProjectConfigurationPlatforms) = postSolution
		{E1FE8FC9-ECEE-4E25-BACB-169D3BCD19BD}.Debug|Any CPU.ActiveCfg = Debug|Any CPU
		{E1FE8FC9-ECEE-4E25-BACB-169D3BCD19BD}.Debug|Any CPU.Build.0 = Debug|Any CPU
		{E1FE8FC9-ECEE-4E25-BACB-169D3BCD19BD}.Release|Any CPU.ActiveCfg = Release|Any CPU
		{E1FE8FC9-ECEE-4E25-BACB-169D3BCD19BD}.Release|Any CPU.Build.0 = Release|Any CPU
		{053C251F-F213-42AC-8182-A898B2A5E260}.Debug|Any CPU.ActiveCfg = Debug|Any CPU
		{053C251F-F213-42AC-8182-A898B2A5E260}.Debug|Any CPU.Build.0 = Debug|Any CPU
		{053C251F-F213-42AC-8182-A898B2A5E260}.Release|Any CPU.ActiveCfg = Release|Any CPU
		{053C251F-F213-42AC-8182-A898B2A5E260}.Release|Any CPU.Build.0 = Release|Any CPU
		{D2B60E0C-4671-492B-BE33-6711D7362766}.Debug|Any CPU.ActiveCfg = Debug|Any CPU
		{D2B60E0C-4671-492B-BE33-6711D7362766}.Debug|Any CPU.Build.0 = Debug|Any CPU
		{D2B60E0C-4671-492B-BE33-6711D7362766}.Release|Any CPU.ActiveCfg = Release|Any CPU
		{D2B60E0C-4671-492B-BE33-6711D7362766}.Release|Any CPU.Build.0 = Release|Any CPU
		{46DF34F1-6D30-408F-8B75-D7C367A0DFEC}.Debug|Any CPU.ActiveCfg = Debug|Any CPU
		{46DF34F1-6D30-408F-8B75-D7C367A0DFEC}.Debug|Any CPU.Build.0 = Debug|Any CPU
		{46DF34F1-6D30-408F-8B75-D7C367A0DFEC}.Release|Any CPU.ActiveCfg = Release|Any CPU
		{46DF34F1-6D30-408F-8B75-D7C367A0DFEC}.Release|Any CPU.Build.0 = Release|Any CPU
		{6EC5C82B-43CB-4B47-8FC7-3B54A4E06987}.Debug|Any CPU.ActiveCfg = Debug|Any CPU
		{6EC5C82B-43CB-4B47-8FC7-3B54A4E06987}.Debug|Any CPU.Build.0 = Debug|Any CPU
		{6EC5C82B-43CB-4B47-8FC7-3B54A4E06987}.Release|Any CPU.ActiveCfg = Release|Any CPU
		{6EC5C82B-43CB-4B47-8FC7-3B54A4E06987}.Release|Any CPU.Build.0 = Release|Any CPU
		{1287C657-5F5A-4948-89AF-AF88EF9A7D00}.Debug|Any CPU.ActiveCfg = Debug|Any CPU
		{1287C657-5F5A-4948-89AF-AF88EF9A7D00}.Debug|Any CPU.Build.0 = Debug|Any CPU
		{1287C657-5F5A-4948-89AF-AF88EF9A7D00}.Release|Any CPU.ActiveCfg = Release|Any CPU
		{1287C657-5F5A-4948-89AF-AF88EF9A7D00}.Release|Any CPU.Build.0 = Release|Any CPU
		{48A083FF-CA3F-4F7F-AA66-57718F3005C8}.Debug|Any CPU.ActiveCfg = Debug|Any CPU
		{48A083FF-CA3F-4F7F-AA66-57718F3005C8}.Debug|Any CPU.Build.0 = Debug|Any CPU
		{48A083FF-CA3F-4F7F-AA66-57718F3005C8}.Release|Any CPU.ActiveCfg = Release|Any CPU
		{48A083FF-CA3F-4F7F-AA66-57718F3005C8}.Release|Any CPU.Build.0 = Release|Any CPU
		{88B434C6-FB47-40F5-84A3-43DA61885E59}.Debug|Any CPU.ActiveCfg = Debug|Any CPU
		{88B434C6-FB47-40F5-84A3-43DA61885E59}.Debug|Any CPU.Build.0 = Debug|Any CPU
		{88B434C6-FB47-40F5-84A3-43DA61885E59}.Release|Any CPU.ActiveCfg = Release|Any CPU
		{88B434C6-FB47-40F5-84A3-43DA61885E59}.Release|Any CPU.Build.0 = Release|Any CPU
		{9E076D12-8C9B-4508-80BE-B30DD0CB8CBA}.Debug|Any CPU.ActiveCfg = Debug|Any CPU
		{9E076D12-8C9B-4508-80BE-B30DD0CB8CBA}.Debug|Any CPU.Build.0 = Debug|Any CPU
		{9E076D12-8C9B-4508-80BE-B30DD0CB8CBA}.Release|Any CPU.ActiveCfg = Release|Any CPU
		{9E076D12-8C9B-4508-80BE-B30DD0CB8CBA}.Release|Any CPU.Build.0 = Release|Any CPU
		{640C9E4D-BCA6-4A9A-BF56-5E4BB1D03D8F}.Debug|Any CPU.ActiveCfg = Debug|Any CPU
		{640C9E4D-BCA6-4A9A-BF56-5E4BB1D03D8F}.Debug|Any CPU.Build.0 = Debug|Any CPU
		{640C9E4D-BCA6-4A9A-BF56-5E4BB1D03D8F}.Release|Any CPU.ActiveCfg = Release|Any CPU
		{640C9E4D-BCA6-4A9A-BF56-5E4BB1D03D8F}.Release|Any CPU.Build.0 = Release|Any CPU
	EndGlobalSection
	GlobalSection(SolutionProperties) = preSolution
		HideSolutionNode = FALSE
	EndGlobalSection
	GlobalSection(NestedProjects) = preSolution
		{E1FE8FC9-ECEE-4E25-BACB-169D3BCD19BD} = {38F2F9F3-02B5-4971-826E-E5DA36F0121C}
		{D2B60E0C-4671-492B-BE33-6711D7362766} = {89808991-A5F0-469C-A3A3-F10912D4BBE0}
		{46DF34F1-6D30-408F-8B75-D7C367A0DFEC} = {89808991-A5F0-469C-A3A3-F10912D4BBE0}
		{6EC5C82B-43CB-4B47-8FC7-3B54A4E06987} = {38F2F9F3-02B5-4971-826E-E5DA36F0121C}
		{1287C657-5F5A-4948-89AF-AF88EF9A7D00} = {89808991-A5F0-469C-A3A3-F10912D4BBE0}
		{48A083FF-CA3F-4F7F-AA66-57718F3005C8} = {74304E8F-A8C0-4A5D-91BC-D7036533986E}
		{88B434C6-FB47-40F5-84A3-43DA61885E59} = {38F2F9F3-02B5-4971-826E-E5DA36F0121C}
		{9E076D12-8C9B-4508-80BE-B30DD0CB8CBA} = {74304E8F-A8C0-4A5D-91BC-D7036533986E}
		{640C9E4D-BCA6-4A9A-BF56-5E4BB1D03D8F} = {98CA6F03-9C2F-4E64-B9AA-F5BBC9094A85}
	EndGlobalSection
	GlobalSection(ExtensibilityGlobals) = postSolution
		SolutionGuid = {12A267E3-C3FD-49AE-860D-26CF68BFE47E}
	EndGlobalSection
EndGlobal
